
Microsoft Visual Studio Solution File, Format Version 12.00
# Visual Studio 15
Project("{FAE04EC0-301F-11D3-BF4B-00C04F79EFBC}") = "CubixShooter_Unity2017.4.30f", "CubixShooter_Unity2017.4.30f.csproj", "{FF77D213-7382-C572-0CC6-7930853422D4}"
EndProject
Project("{FAE04EC0-301F-11D3-BF4B-00C04F79EFBC}") = "CubixShooter_Unity2017.4.30f.Editor", "CubixShooter_Unity2017.4.30f.Editor.csproj", "{41E81CF4-97EE-3349-6AE7-AC26CC247423}"
EndProject
Global
	GlobalSection(SolutionConfigurationPlatforms) = preSolution
		Debug|Any CPU = Debug|Any CPU
		Release|Any CPU = Release|Any CPU
	EndGlobalSection
	GlobalSection(ProjectConfigurationPlatforms) = postSolution
		{FF77D213-7382-C572-0CC6-7930853422D4}.Debug|Any CPU.ActiveCfg = Debug|Any CPU
		{FF77D213-7382-C572-0CC6-7930853422D4}.Debug|Any CPU.Build.0 = Debug|Any CPU
		{FF77D213-7382-C572-0CC6-7930853422D4}.Release|Any CPU.ActiveCfg = Release|Any CPU
		{FF77D213-7382-C572-0CC6-7930853422D4}.Release|Any CPU.Build.0 = Release|Any CPU
		{41E81CF4-97EE-3349-6AE7-AC26CC247423}.Debug|Any CPU.ActiveCfg = Debug|Any CPU
		{41E81CF4-97EE-3349-6AE7-AC26CC247423}.Debug|Any CPU.Build.0 = Debug|Any CPU
		{41E81CF4-97EE-3349-6AE7-AC26CC247423}.Release|Any CPU.ActiveCfg = Release|Any CPU
		{41E81CF4-97EE-3349-6AE7-AC26CC247423}.Release|Any CPU.Build.0 = Release|Any CPU
	EndGlobalSection
	GlobalSection(SolutionProperties) = preSolution
		HideSolutionNode = FALSE
	EndGlobalSection
EndGlobal
